github.com/zetxek/adritian-free-hugo-theme v1.5.5 h1:hUzHG7Mgdq0Hdn49rpoerOVZpmb8FH2//q6UPGnldmo=
github.com/zetxek/adritian-free-hugo-theme v1.5.5/go.mod h1:RZxMuUPx+AJwqABiHDQWSVEskypgZCqZ0MwOgCvA6o0=
github.com/zetxek/adritian-free-hugo-theme v1.5.6 h1:yoceuwYE1WHkUeJA2CjsbJGmLXzbZOyd10V9yG0d2ok=
github.com/zetxek/adritian-free-hugo-theme v1.5.6/go.mod h1:RZxMuUPx+AJwqABiHDQWSVEskypgZCqZ0MwOgCvA6o0=
